
Microsoft Visual Studio Solution File, Format Version 12.00
# Visual Studio 14
VisualStudioVersion = 14.0.25420.1
MinimumVisualStudioVersion = 10.0.40219.1
Project("{FAE04EC0-301F-11D3-BF4B-00C04F79EFBC}") = "ModificatoriAccesso", "ModificatoriAccesso\ModificatoriAccesso.csproj", "{929876F5-8E15-4FAB-811A-45691D0C3153}"
EndProject
Project("{FAE04EC0-301F-11D3-BF4B-00C04F79EFBC}") = "Date", "Date\Date.csproj", "{BB016FB3-2D69-403C-9D4E-B088414CCC7D}"
EndProject
Project("{FAE04EC0-301F-11D3-BF4B-00C04F79EFBC}") = "ClassiAstratte1", "ClassiAstratte1\ClassiAstratte1.csproj", "{E206157C-92AC-494F-BAC7-07C3713FDCE2}"
EndProject
Project("{FAE04EC0-301F-11D3-BF4B-00C04F79EFBC}") = "ClassiAstratte2", "ClassiAstratte2\ClassiAstratte2.csproj", "{35A68163-0693-4A43-AC76-038019B30072}"
EndProject
Project("{FAE04EC0-301F-11D3-BF4B-00C04F79EFBC}") = "Interfaces1", "Interfaces1\Interfaces1.csproj", "{26779CED-F290-43EA-84DB-C097E99A337C}"
EndProject
Project("{FAE04EC0-301F-11D3-BF4B-00C04F79EFBC}") = "Interfaces2", "Interfaces2\Interfaces2.csproj", "{6853452C-CA8D-4A7C-A80F-76A5031091FB}"
EndProject
Project("{FAE04EC0-301F-11D3-BF4B-00C04F79EFBC}") = "CodeFlow", "CodeFlow\CodeFlow.csproj", "{CEC1ABE4-7E19-439C-B6DD-B6B5B7272990}"
EndProject
Project("{FAE04EC0-301F-11D3-BF4B-00C04F79EFBC}") = "CSharp", "CSharp\CSharp.csproj", "{93EA0C0E-2AD9-4E85-8ADA-A02167ADB31F}"
EndProject
Project("{FAE04EC0-301F-11D3-BF4B-00C04F79EFBC}") = "CSharp.Model", "CSharp.Model\CSharp.Model.csproj", "{B039DCAC-0B52-41F5-8BA7-DD42B5C64D10}"
EndProject
Project("{FAE04EC0-301F-11D3-BF4B-00C04F79EFBC}") = "DataStructures", "DataStructures\DataStructures.csproj", "{9DB0D12C-0CBC-48AC-A927-8596A3D4EB87}"
EndProject
Project("{FAE04EC0-301F-11D3-BF4B-00C04F79EFBC}") = "Enums", "Enums\Enums.csproj", "{609B1203-08DF-4EA2-98F9-017A0EF022DF}"
EndProject
Project("{FAE04EC0-301F-11D3-BF4B-00C04F79EFBC}") = "ExceptionsAndLog", "ExceptionsAndLog\ExceptionsAndLog.csproj", "{5F8F95C4-C138-4120-A1DE-6043CF85B1CB}"
EndProject
Project("{FAE04EC0-301F-11D3-BF4B-00C04F79EFBC}") = "Interfaces", "Interfaces\Interfaces.csproj", "{A24F77FC-80AF-4BB9-9457-2315EA96EEFE}"
EndProject
Project("{FAE04EC0-301F-11D3-BF4B-00C04F79EFBC}") = "SmartHome", "SmartHome\SmartHome.csproj", "{ACA5CD97-17B8-4AA9-9E15-D7095D3E497F}"
EndProject
Project("{FAE04EC0-301F-11D3-BF4B-00C04F79EFBC}") = "SuperLogger", "SuperLogger\SuperLogger.csproj", "{84F1EC58-8B81-4CA8-BA4E-EE28B0908AD5}"
EndProject
Project("{FAE04EC0-301F-11D3-BF4B-00C04F79EFBC}") = "SuperLoggerTest", "SuperLoggerTest\SuperLoggerTest.csproj", "{9FAC97F4-39D0-4C56-81F2-6631AF015A8E}"
EndProject
Project("{FAE04EC0-301F-11D3-BF4B-00C04F79EFBC}") = "PersonProject", "PersonProject\PersonProject.csproj", "{EB97F943-AAAA-4B8E-8702-C005EBA95E5C}"
EndProject
Project("{FAE04EC0-301F-11D3-BF4B-00C04F79EFBC}") = "InsertDataPerson", "InsertDataPerson\InsertDataPerson.csproj", "{E19D0101-20EA-47C3-87D1-6DB73328290A}"
EndProject
Project("{FAE04EC0-301F-11D3-BF4B-00C04F79EFBC}") = "Delegate1", "Delegate1\Delegate1.csproj", "{5C816E10-71AF-4C99-85C8-6ADFE7314F7C}"
EndProject
Project("{FAE04EC0-301F-11D3-BF4B-00C04F79EFBC}") = "SuperEmulator1", "SuperEmulator1\SuperEmulator1.csproj", "{6EC5331A-EF5B-4F85-8196-270E13AAC259}"
EndProject
Project("{FAE04EC0-301F-11D3-BF4B-00C04F79EFBC}") = "SuperEmulatore1Test", "SuperEmulatore1Test\SuperEmulatore1Test.csproj", "{516F76EC-6B34-452D-8349-9A7211A4BAEC}"
EndProject
Project("{FAE04EC0-301F-11D3-BF4B-00C04F79EFBC}") = "EmulatorTest", "EmulatorTest\EmulatorTest.csproj", "{C7921EA4-2652-4D4A-B70A-AA9C9C824965}"
EndProject
Project("{FAE04EC0-301F-11D3-BF4B-00C04F79EFBC}") = "HeadsetEmulator", "HeadsetEmulator\HeadsetEmulator.csproj", "{5DB4A3ED-781C-4111-AE3D-47C522923CBE}"
EndProject
Project("{FAE04EC0-301F-11D3-BF4B-00C04F79EFBC}") = "MenuConsole", "MenuConsole\MenuConsole\MenuConsole.csproj", "{8DCC846F-CBA9-4C6D-8990-5DF826BB2783}"
EndProject
Project("{FAE04EC0-301F-11D3-BF4B-00C04F79EFBC}") = "Proprieta", "Proprieta\Proprieta.csproj", "{014A0A7E-ABA9-4B0C-A050-89E767A973BE}"
EndProject
Project("{FAE04EC0-301F-11D3-BF4B-00C04F79EFBC}") = "Ereditarieta", "Ereditariea\Ereditarieta.csproj", "{67E53155-277A-4D90-A848-9FCF43A7C0B4}"
EndProject
Project("{FAE04EC0-301F-11D3-BF4B-00C04F79EFBC}") = "CameraClassTest", "CameraClassTest\CameraClassTest.csproj", "{34551A8F-B843-4D39-8E85-1A8EA97E9367}"
EndProject
Global
	GlobalSection(SolutionConfigurationPlatforms) = preSolution
		Debug|Any CPU = Debug|Any CPU
		Release|Any CPU = Release|Any CPU
	EndGlobalSection
	GlobalSection(ProjectConfigurationPlatforms) = postSolution
		{929876F5-8E15-4FAB-811A-45691D0C3153}.Debug|Any CPU.ActiveCfg = Debug|Any CPU
		{929876F5-8E15-4FAB-811A-45691D0C3153}.Debug|Any CPU.Build.0 = Debug|Any CPU
		{929876F5-8E15-4FAB-811A-45691D0C3153}.Release|Any CPU.ActiveCfg = Release|Any CPU
		{929876F5-8E15-4FAB-811A-45691D0C3153}.Release|Any CPU.Build.0 = Release|Any CPU
		{BB016FB3-2D69-403C-9D4E-B088414CCC7D}.Debug|Any CPU.ActiveCfg = Debug|Any CPU
		{BB016FB3-2D69-403C-9D4E-B088414CCC7D}.Debug|Any CPU.Build.0 = Debug|Any CPU
		{BB016FB3-2D69-403C-9D4E-B088414CCC7D}.Release|Any CPU.ActiveCfg = Release|Any CPU
		{BB016FB3-2D69-403C-9D4E-B088414CCC7D}.Release|Any CPU.Build.0 = Release|Any CPU
		{E206157C-92AC-494F-BAC7-07C3713FDCE2}.Debug|Any CPU.ActiveCfg = Debug|Any CPU
		{E206157C-92AC-494F-BAC7-07C3713FDCE2}.Debug|Any CPU.Build.0 = Debug|Any CPU
		{E206157C-92AC-494F-BAC7-07C3713FDCE2}.Release|Any CPU.ActiveCfg = Release|Any CPU
		{E206157C-92AC-494F-BAC7-07C3713FDCE2}.Release|Any CPU.Build.0 = Release|Any CPU
		{35A68163-0693-4A43-AC76-038019B30072}.Debug|Any CPU.ActiveCfg = Debug|Any CPU
		{35A68163-0693-4A43-AC76-038019B30072}.Debug|Any CPU.Build.0 = Debug|Any CPU
		{35A68163-0693-4A43-AC76-038019B30072}.Release|Any CPU.ActiveCfg = Release|Any CPU
		{35A68163-0693-4A43-AC76-038019B30072}.Release|Any CPU.Build.0 = Release|Any CPU
		{26779CED-F290-43EA-84DB-C097E99A337C}.Debug|Any CPU.ActiveCfg = Debug|Any CPU
		{26779CED-F290-43EA-84DB-C097E99A337C}.Debug|Any CPU.Build.0 = Debug|Any CPU
		{26779CED-F290-43EA-84DB-C097E99A337C}.Release|Any CPU.ActiveCfg = Release|Any CPU
		{26779CED-F290-43EA-84DB-C097E99A337C}.Release|Any CPU.Build.0 = Release|Any CPU
		{6853452C-CA8D-4A7C-A80F-76A5031091FB}.Debug|Any CPU.ActiveCfg = Debug|Any CPU
		{6853452C-CA8D-4A7C-A80F-76A5031091FB}.Debug|Any CPU.Build.0 = Debug|Any CPU
		{6853452C-CA8D-4A7C-A80F-76A5031091FB}.Release|Any CPU.ActiveCfg = Release|Any CPU
		{6853452C-CA8D-4A7C-A80F-76A5031091FB}.Release|Any CPU.Build.0 = Release|Any CPU
		{CEC1ABE4-7E19-439C-B6DD-B6B5B7272990}.Debug|Any CPU.ActiveCfg = Debug|Any CPU
		{CEC1ABE4-7E19-439C-B6DD-B6B5B7272990}.Debug|Any CPU.Build.0 = Debug|Any CPU
		{CEC1ABE4-7E19-439C-B6DD-B6B5B7272990}.Release|Any CPU.ActiveCfg = Release|Any CPU
		{CEC1ABE4-7E19-439C-B6DD-B6B5B7272990}.Release|Any CPU.Build.0 = Release|Any CPU
		{93EA0C0E-2AD9-4E85-8ADA-A02167ADB31F}.Debug|Any CPU.ActiveCfg = Debug|Any CPU
		{93EA0C0E-2AD9-4E85-8ADA-A02167ADB31F}.Debug|Any CPU.Build.0 = Debug|Any CPU
		{93EA0C0E-2AD9-4E85-8ADA-A02167ADB31F}.Release|Any CPU.ActiveCfg = Release|Any CPU
		{93EA0C0E-2AD9-4E85-8ADA-A02167ADB31F}.Release|Any CPU.Build.0 = Release|Any CPU
		{B039DCAC-0B52-41F5-8BA7-DD42B5C64D10}.Debug|Any CPU.ActiveCfg = Debug|Any CPU
		{B039DCAC-0B52-41F5-8BA7-DD42B5C64D10}.Debug|Any CPU.Build.0 = Debug|Any CPU
		{B039DCAC-0B52-41F5-8BA7-DD42B5C64D10}.Release|Any CPU.ActiveCfg = Release|Any CPU
		{B039DCAC-0B52-41F5-8BA7-DD42B5C64D10}.Release|Any CPU.Build.0 = Release|Any CPU
		{9DB0D12C-0CBC-48AC-A927-8596A3D4EB87}.Debug|Any CPU.ActiveCfg = Debug|Any CPU
		{9DB0D12C-0CBC-48AC-A927-8596A3D4EB87}.Debug|Any CPU.Build.0 = Debug|Any CPU
		{9DB0D12C-0CBC-48AC-A927-8596A3D4EB87}.Release|Any CPU.ActiveCfg = Release|Any CPU
		{9DB0D12C-0CBC-48AC-A927-8596A3D4EB87}.Release|Any CPU.Build.0 = Release|Any CPU
		{609B1203-08DF-4EA2-98F9-017A0EF022DF}.Debug|Any CPU.ActiveCfg = Debug|Any CPU
		{609B1203-08DF-4EA2-98F9-017A0EF022DF}.Debug|Any CPU.Build.0 = Debug|Any CPU
		{609B1203-08DF-4EA2-98F9-017A0EF022DF}.Release|Any CPU.ActiveCfg = Release|Any CPU
		{609B1203-08DF-4EA2-98F9-017A0EF022DF}.Release|Any CPU.Build.0 = Release|Any CPU
		{5F8F95C4-C138-4120-A1DE-6043CF85B1CB}.Debug|Any CPU.ActiveCfg = Debug|Any CPU
		{5F8F95C4-C138-4120-A1DE-6043CF85B1CB}.Debug|Any CPU.Build.0 = Debug|Any CPU
		{5F8F95C4-C138-4120-A1DE-6043CF85B1CB}.Release|Any CPU.ActiveCfg = Release|Any CPU
		{5F8F95C4-C138-4120-A1DE-6043CF85B1CB}.Release|Any CPU.Build.0 = Release|Any CPU
		{A24F77FC-80AF-4BB9-9457-2315EA96EEFE}.Debug|Any CPU.ActiveCfg = Debug|Any CPU
		{A24F77FC-80AF-4BB9-9457-2315EA96EEFE}.Debug|Any CPU.Build.0 = Debug|Any CPU
		{A24F77FC-80AF-4BB9-9457-2315EA96EEFE}.Release|Any CPU.ActiveCfg = Release|Any CPU
		{A24F77FC-80AF-4BB9-9457-2315EA96EEFE}.Release|Any CPU.Build.0 = Release|Any CPU
		{ACA5CD97-17B8-4AA9-9E15-D7095D3E497F}.Debug|Any CPU.ActiveCfg = Debug|Any CPU
		{ACA5CD97-17B8-4AA9-9E15-D7095D3E497F}.Debug|Any CPU.Build.0 = Debug|Any CPU
		{ACA5CD97-17B8-4AA9-9E15-D7095D3E497F}.Release|Any CPU.ActiveCfg = Release|Any CPU
		{ACA5CD97-17B8-4AA9-9E15-D7095D3E497F}.Release|Any CPU.Build.0 = Release|Any CPU
		{84F1EC58-8B81-4CA8-BA4E-EE28B0908AD5}.Debug|Any CPU.ActiveCfg = Debug|Any CPU
		{84F1EC58-8B81-4CA8-BA4E-EE28B0908AD5}.Debug|Any CPU.Build.0 = Debug|Any CPU
		{84F1EC58-8B81-4CA8-BA4E-EE28B0908AD5}.Release|Any CPU.ActiveCfg = Release|Any CPU
		{84F1EC58-8B81-4CA8-BA4E-EE28B0908AD5}.Release|Any CPU.Build.0 = Release|Any CPU
		{9FAC97F4-39D0-4C56-81F2-6631AF015A8E}.Debug|Any CPU.ActiveCfg = Debug|Any CPU
		{9FAC97F4-39D0-4C56-81F2-6631AF015A8E}.Debug|Any CPU.Build.0 = Debug|Any CPU
		{9FAC97F4-39D0-4C56-81F2-6631AF015A8E}.Release|Any CPU.ActiveCfg = Release|Any CPU
		{9FAC97F4-39D0-4C56-81F2-6631AF015A8E}.Release|Any CPU.Build.0 = Release|Any CPU
		{EB97F943-AAAA-4B8E-8702-C005EBA95E5C}.Debug|Any CPU.ActiveCfg = Debug|Any CPU
		{EB97F943-AAAA-4B8E-8702-C005EBA95E5C}.Debug|Any CPU.Build.0 = Debug|Any CPU
		{EB97F943-AAAA-4B8E-8702-C005EBA95E5C}.Release|Any CPU.ActiveCfg = Release|Any CPU
		{EB97F943-AAAA-4B8E-8702-C005EBA95E5C}.Release|Any CPU.Build.0 = Release|Any CPU
		{E19D0101-20EA-47C3-87D1-6DB73328290A}.Debug|Any CPU.ActiveCfg = Debug|Any CPU
		{E19D0101-20EA-47C3-87D1-6DB73328290A}.Debug|Any CPU.Build.0 = Debug|Any CPU
		{E19D0101-20EA-47C3-87D1-6DB73328290A}.Release|Any CPU.ActiveCfg = Release|Any CPU
		{E19D0101-20EA-47C3-87D1-6DB73328290A}.Release|Any CPU.Build.0 = Release|Any CPU
		{5C816E10-71AF-4C99-85C8-6ADFE7314F7C}.Debug|Any CPU.ActiveCfg = Debug|Any CPU
		{5C816E10-71AF-4C99-85C8-6ADFE7314F7C}.Debug|Any CPU.Build.0 = Debug|Any CPU
		{5C816E10-71AF-4C99-85C8-6ADFE7314F7C}.Release|Any CPU.ActiveCfg = Release|Any CPU
		{5C816E10-71AF-4C99-85C8-6ADFE7314F7C}.Release|Any CPU.Build.0 = Release|Any CPU
		{6EC5331A-EF5B-4F85-8196-270E13AAC259}.Debug|Any CPU.ActiveCfg = Debug|Any CPU
		{6EC5331A-EF5B-4F85-8196-270E13AAC259}.Debug|Any CPU.Build.0 = Debug|Any CPU
		{6EC5331A-EF5B-4F85-8196-270E13AAC259}.Release|Any CPU.ActiveCfg = Release|Any CPU
		{6EC5331A-EF5B-4F85-8196-270E13AAC259}.Release|Any CPU.Build.0 = Release|Any CPU
		{516F76EC-6B34-452D-8349-9A7211A4BAEC}.Debug|Any CPU.ActiveCfg = Debug|Any CPU
		{516F76EC-6B34-452D-8349-9A7211A4BAEC}.Debug|Any CPU.Build.0 = Debug|Any CPU
		{516F76EC-6B34-452D-8349-9A7211A4BAEC}.Release|Any CPU.ActiveCfg = Release|Any CPU
		{516F76EC-6B34-452D-8349-9A7211A4BAEC}.Release|Any CPU.Build.0 = Release|Any CPU
		{C7921EA4-2652-4D4A-B70A-AA9C9C824965}.Debug|Any CPU.ActiveCfg = Debug|Any CPU
		{C7921EA4-2652-4D4A-B70A-AA9C9C824965}.Debug|Any CPU.Build.0 = Debug|Any CPU
		{C7921EA4-2652-4D4A-B70A-AA9C9C824965}.Release|Any CPU.ActiveCfg = Release|Any CPU
		{C7921EA4-2652-4D4A-B70A-AA9C9C824965}.Release|Any CPU.Build.0 = Release|Any CPU
		{5DB4A3ED-781C-4111-AE3D-47C522923CBE}.Debug|Any CPU.ActiveCfg = Debug|Any CPU
		{5DB4A3ED-781C-4111-AE3D-47C522923CBE}.Debug|Any CPU.Build.0 = Debug|Any CPU
		{5DB4A3ED-781C-4111-AE3D-47C522923CBE}.Release|Any CPU.ActiveCfg = Release|Any CPU
		{5DB4A3ED-781C-4111-AE3D-47C522923CBE}.Release|Any CPU.Build.0 = Release|Any CPU
		{8DCC846F-CBA9-4C6D-8990-5DF826BB2783}.Debug|Any CPU.ActiveCfg = Debug|Any CPU
		{8DCC846F-CBA9-4C6D-8990-5DF826BB2783}.Debug|Any CPU.Build.0 = Debug|Any CPU
		{8DCC846F-CBA9-4C6D-8990-5DF826BB2783}.Release|Any CPU.ActiveCfg = Release|Any CPU
		{8DCC846F-CBA9-4C6D-8990-5DF826BB2783}.Release|Any CPU.Build.0 = Release|Any CPU
		{014A0A7E-ABA9-4B0C-A050-89E767A973BE}.Debug|Any CPU.ActiveCfg = Debug|Any CPU
		{014A0A7E-ABA9-4B0C-A050-89E767A973BE}.Debug|Any CPU.Build.0 = Debug|Any CPU
		{014A0A7E-ABA9-4B0C-A050-89E767A973BE}.Release|Any CPU.ActiveCfg = Release|Any CPU
		{014A0A7E-ABA9-4B0C-A050-89E767A973BE}.Release|Any CPU.Build.0 = Release|Any CPU
		{67E53155-277A-4D90-A848-9FCF43A7C0B4}.Debug|Any CPU.ActiveCfg = Debug|Any CPU
		{67E53155-277A-4D90-A848-9FCF43A7C0B4}.Debug|Any CPU.Build.0 = Debug|Any CPU
		{67E53155-277A-4D90-A848-9FCF43A7C0B4}.Release|Any CPU.ActiveCfg = Release|Any CPU
		{67E53155-277A-4D90-A848-9FCF43A7C0B4}.Release|Any CPU.Build.0 = Release|Any CPU
		{34551A8F-B843-4D39-8E85-1A8EA97E9367}.Debug|Any CPU.ActiveCfg = Debug|Any CPU
		{34551A8F-B843-4D39-8E85-1A8EA97E9367}.Debug|Any CPU.Build.0 = Debug|Any CPU
		{34551A8F-B843-4D39-8E85-1A8EA97E9367}.Release|Any CPU.ActiveCfg = Release|Any CPU
		{34551A8F-B843-4D39-8E85-1A8EA97E9367}.Release|Any CPU.Build.0 = Release|Any CPU
	EndGlobalSection
	GlobalSection(SolutionProperties) = preSolution
		HideSolutionNode = FALSE
	EndGlobalSection
EndGlobal
