
Microsoft Visual Studio Solution File, Format Version 12.00
# Visual Studio 15
VisualStudioVersion = 15.0.26730.16
MinimumVisualStudioVersion = 10.0.40219.1
Project("{FAE04EC0-301F-11D3-BF4B-00C04F79EFBC}") = "CSharp", "CSharp\CSharp.csproj", "{93EA0C0E-2AD9-4E85-8ADA-A02167ADB31F}"
EndProject
Global
	GlobalSection(SolutionConfigurationPlatforms) = preSolution
		Debug|Any CPU = Debug|Any CPU
		Release|Any CPU = Release|Any CPU
	EndGlobalSection
	GlobalSection(ProjectConfigurationPlatforms) = postSolution
		{93EA0C0E-2AD9-4E85-8ADA-A02167ADB31F}.Debug|Any CPU.ActiveCfg = Debug|Any CPU
		{93EA0C0E-2AD9-4E85-8ADA-A02167ADB31F}.Debug|Any CPU.Build.0 = Debug|Any CPU
		{93EA0C0E-2AD9-4E85-8ADA-A02167ADB31F}.Release|Any CPU.ActiveCfg = Release|Any CPU
		{93EA0C0E-2AD9-4E85-8ADA-A02167ADB31F}.Release|Any CPU.Build.0 = Release|Any CPU
	EndGlobalSection
	GlobalSection(SolutionProperties) = preSolution
		HideSolutionNode = FALSE
	EndGlobalSection
	GlobalSection(ExtensibilityGlobals) = postSolution
		SolutionGuid = {30ECAB26-7E69-4CE6-BD13-B0B113B94141}
	EndGlobalSection
EndGlobal
